
Microsoft Visual Studio Solution File, Format Version 12.00
# Visual Studio 15
VisualStudioVersion = 15.0.35706.147
MinimumVisualStudioVersion = 10.0.40219.1
Project("{FAE04EC0-301F-11D3-BF4B-00C04F79EFBC}") = "fmp", "fmp\fmp.csproj", "{639B5465-C2B1-4005-B672-A14A1B64EE6E}"
EndProject
Global
	GlobalSection(SolutionConfigurationPlatforms) = preSolution
		Debug|Any CPU = Debug|Any CPU
		Release|Any CPU = Release|Any CPU
	EndGlobalSection
	GlobalSection(ProjectConfigurationPlatforms) = postSolution
		{639B5465-C2B1-4005-B672-A14A1B64EE6E}.Debug|Any CPU.ActiveCfg = Debug|Any CPU
		{639B5465-C2B1-4005-B672-A14A1B64EE6E}.Debug|Any CPU.Build.0 = Debug|Any CPU
		{639B5465-C2B1-4005-B672-A14A1B64EE6E}.Release|Any CPU.ActiveCfg = Release|Any CPU
		{639B5465-C2B1-4005-B672-A14A1B64EE6E}.Release|Any CPU.Build.0 = Release|Any CPU
	EndGlobalSection
	GlobalSection(SolutionProperties) = preSolution
		HideSolutionNode = FALSE
	EndGlobalSection
	GlobalSection(ExtensibilityGlobals) = postSolution
		SolutionGuid = {733C9083-1866-4628-965E-0E85B945E497}
	EndGlobalSection
EndGlobal
